
Microsoft Visual Studio Solution File, Format Version 12.00
# Visual Studio Version 17
VisualStudioVersion = 17.4.33213.308
MinimumVisualStudioVersion = 10.0.40219.1
Project("{FAE04EC0-301F-11D3-BF4B-00C04F79EFBC}") = "hw1passwordGenerator.Console", "hw1passwordGenerator.Console.csproj", "{BA9F9E99-4316-4A29-8E69-D4FE6488C2CA}"
EndProject
Global
	GlobalSection(SolutionConfigurationPlatforms) = preSolution
		Debug|Any CPU = Debug|Any CPU
		Release|Any CPU = Release|Any CPU
	EndGlobalSection
	GlobalSection(ProjectConfigurationPlatforms) = postSolution
		{BA9F9E99-4316-4A29-8E69-D4FE6488C2CA}.Debug|Any CPU.ActiveCfg = Debug|Any CPU
		{BA9F9E99-4316-4A29-8E69-D4FE6488C2CA}.Debug|Any CPU.Build.0 = Debug|Any CPU
		{BA9F9E99-4316-4A29-8E69-D4FE6488C2CA}.Release|Any CPU.ActiveCfg = Release|Any CPU
		{BA9F9E99-4316-4A29-8E69-D4FE6488C2CA}.Release|Any CPU.Build.0 = Release|Any CPU
	EndGlobalSection
	GlobalSection(SolutionProperties) = preSolution
		HideSolutionNode = FALSE
	EndGlobalSection
	GlobalSection(ExtensibilityGlobals) = postSolution
		SolutionGuid = {9EB679DE-13F7-4C74-A708-37B2DD263511}
	EndGlobalSection
EndGlobal
